# Generated by pub
# See https://dart.dev/tools/pub/glossary#lockfile
packages:
  advance_pdf_viewer_fork:
    dependency: transitive
    description:
      name: advance_pdf_viewer_fork
      url: "https://pub.dartlang.org"
    source: hosted
    version: "2.0.0"
  android_path_provider:
    dependency: transitive
    description:
      name: android_path_provider
      url: "https://pub.dartlang.org"
    source: hosted
    version: "0.2.1"
  archive:
    dependency: transitive
    description:
      name: archive
      url: "https://pub.dartlang.org"
    source: hosted
    version: "3.1.6"
  assets_audio_player:
    dependency: transitive
    description:
      name: assets_audio_player
      url: "https://pub.dartlang.org"
    source: hosted
    version: "3.0.3+7"
  assets_audio_player_web:
    dependency: transitive
    description:
      name: assets_audio_player_web
      url: "https://pub.dartlang.org"
    source: hosted
    version: "3.0.3+9"
  async:
    dependency: transitive
    description:
      name: async
      url: "https://pub.dartlang.org"
    source: hosted
    version: "2.8.1"
  audio_session:
    dependency: transitive
    description:
      name: audio_session
      url: "https://pub.dartlang.org"
    source: hosted
    version: "0.1.6+1"
  audioplayers:
    dependency: transitive
    description:
      name: audioplayers
      url: "https://pub.dartlang.org"
    source: hosted
    version: "0.20.1"
  back_button_interceptor:
    dependency: transitive
    description:
      name: back_button_interceptor
      url: "https://pub.dartlang.org"
    source: hosted
    version: "5.0.2"
  badges:
    dependency: transitive
    description:
      name: badges
      url: "https://pub.dartlang.org"
    source: hosted
    version: "2.0.1"
  boolean_selector:
    dependency: transitive
    description:
      name: boolean_selector
      url: "https://pub.dartlang.org"
    source: hosted
    version: "2.1.0"
  cached_network_image:
    dependency: transitive
    description:
      name: cached_network_image
      url: "https://pub.dartlang.org"
    source: hosted
    version: "3.1.0+1"
  cached_network_image_platform_interface:
    dependency: transitive
    description:
      name: cached_network_image_platform_interface
      url: "https://pub.dartlang.org"
    source: hosted
    version: "1.0.0"
  cached_network_image_web:
    dependency: transitive
    description:
      name: cached_network_image_web
      url: "https://pub.dartlang.org"
    source: hosted
    version: "1.0.1"
  camera:
    dependency: "direct main"
    description:
      name: camera
      url: "https://pub.dartlang.org"
    source: hosted
    version: "0.9.4+5"
  camera_platform_interface:
    dependency: transitive
    description:
      name: camera_platform_interface
      url: "https://pub.dartlang.org"
    source: hosted
    version: "2.1.1"
  camera_web:
    dependency: transitive
    description:
      name: camera_web
      url: "https://pub.dartlang.org"
    source: hosted
    version: "0.2.1+1"
  camerawesome:
    dependency: transitive
    description:
      name: camerawesome
      url: "https://pub.dartlang.org"
    source: hosted
    version: "0.3.0+1"
  characters:
    dependency: transitive
    description:
      name: characters
      url: "https://pub.dartlang.org"
    source: hosted
    version: "1.1.0"
  charcode:
    dependency: transitive
    description:
      name: charcode
      url: "https://pub.dartlang.org"
    source: hosted
    version: "1.3.1"
  chewie:
    dependency: transitive
    description:
      name: chewie
      url: "https://pub.dartlang.org"
    source: hosted
    version: "1.2.2"
  clock:
    dependency: transitive
    description:
      name: clock
      url: "https://pub.dartlang.org"
    source: hosted
    version: "1.1.0"
  collection:
    dependency: transitive
    description:
      name: collection
      url: "https://pub.dartlang.org"
    source: hosted
    version: "1.15.0"
  connectivity:
    dependency: transitive
    description:
      name: connectivity
      url: "https://pub.dartlang.org"
    source: hosted
    version: "3.0.6"
  connectivity_for_web:
    dependency: transitive
    description:
      name: connectivity_for_web
      url: "https://pub.dartlang.org"
    source: hosted
    version: "0.4.0+1"
  connectivity_macos:
    dependency: transitive
    description:
      name: connectivity_macos
      url: "https://pub.dartlang.org"
    source: hosted
    version: "0.2.1+2"
  connectivity_platform_interface:
    dependency: transitive
    description:
      name: connectivity_platform_interface
      url: "https://pub.dartlang.org"
    source: hosted
    version: "2.0.1"
  connectycube_flutter_call_kit:
    dependency: transitive
    description:
      path: "../../connectycube-flutter-call-kit"
      relative: true
    source: path
    version: "0.1.0-dev.2"
  connectycube_sdk:
    dependency: transitive
    description:
      name: connectycube_sdk
      url: "https://pub.dartlang.org"
    source: hosted
    version: "2.0.7"
  console:
    dependency: transitive
    description:
      name: console
      url: "https://pub.dartlang.org"
    source: hosted
    version: "4.1.0"
  contacts_service:
    dependency: transitive
    description:
      name: contacts_service
      url: "https://pub.dartlang.org"
    source: hosted
    version: "0.6.3"
  convert:
    dependency: transitive
    description:
      name: convert
      url: "https://pub.dartlang.org"
    source: hosted
    version: "3.0.1"
  cross_file:
    dependency: transitive
    description:
      name: cross_file
      url: "https://pub.dartlang.org"
    source: hosted
    version: "0.3.1+5"
  crypto:
    dependency: transitive
    description:
      name: crypto
      url: "https://pub.dartlang.org"
    source: hosted
    version: "3.0.1"
  cryptoutils:
    dependency: transitive
    description:
      name: cryptoutils
      url: "https://pub.dartlang.org"
    source: hosted
    version: "0.5.0"
  csslib:
    dependency: transitive
    description:
      name: csslib
      url: "https://pub.dartlang.org"
    source: hosted
    version: "0.17.1"
  cupertino_icons:
    dependency: transitive
    description:
      name: cupertino_icons
      url: "https://pub.dartlang.org"
    source: hosted
    version: "1.0.4"
  device_info:
    dependency: transitive
    description:
      name: device_info
      url: "https://pub.dartlang.org"
    source: hosted
    version: "2.0.2"
  device_info_platform_interface:
    dependency: transitive
    description:
      name: device_info_platform_interface
      url: "https://pub.dartlang.org"
    source: hosted
    version: "2.0.1"
  dio:
    dependency: transitive
    description:
      name: dio
      url: "https://pub.dartlang.org"
    source: hosted
    version: "4.0.0"
  doctor_module:
    dependency: transitive
    description:
      path: "../doctor_module"
      relative: true
    source: path
    version: "0.0.1"
  documents_module:
    dependency: transitive
    description:
      path: "../documents_module"
      relative: true
    source: path
    version: "0.0.1"
  dropdown_search:
    dependency: transitive
    description:
      name: dropdown_search
      url: "https://pub.dartlang.org"
    source: hosted
    version: "2.0.1"
  eventify:
    dependency: transitive
    description:
      name: eventify
      url: "https://pub.dartlang.org"
    source: hosted
    version: "1.0.0"
  extended_image:
    dependency: transitive
    description:
      name: extended_image
      url: "https://pub.dartlang.org"
    source: hosted
    version: "4.2.1"
  extended_image_library:
    dependency: transitive
    description:
      name: extended_image_library
      url: "https://pub.dartlang.org"
    source: hosted
    version: "3.1.0"
  fake_async:
    dependency: transitive
    description:
      name: fake_async
      url: "https://pub.dartlang.org"
    source: hosted
    version: "1.2.0"
  ffi:
    dependency: transitive
    description:
      name: ffi
      url: "https://pub.dartlang.org"
    source: hosted
    version: "1.1.2"
  file:
    dependency: transitive
    description:
      name: file
      url: "https://pub.dartlang.org"
    source: hosted
    version: "6.1.2"
  file_picker:
    dependency: "direct main"
    description:
      name: file_picker
      url: "https://pub.dartlang.org"
    source: hosted
    version: "3.0.4"
  file_selector:
    dependency: "direct main"
    description:
      name: file_selector
      url: "https://pub.dartlang.org"
    source: hosted
    version: "0.8.3"
  file_selector_macos:
    dependency: "direct main"
    description:
      name: file_selector_macos
      url: "https://pub.dartlang.org"
    source: hosted
    version: "0.0.4+1"
  file_selector_platform_interface:
    dependency: transitive
    description:
      name: file_selector_platform_interface
      url: "https://pub.dartlang.org"
    source: hosted
    version: "2.0.4"
  file_selector_web:
    dependency: transitive
    description:
      name: file_selector_web
      url: "https://pub.dartlang.org"
    source: hosted
    version: "0.8.1+3"
  file_selector_windows:
    dependency: transitive
    description:
      name: file_selector_windows
      url: "https://pub.dartlang.org"
    source: hosted
    version: "0.8.2"
  filesize:
    dependency: transitive
    description:
      name: filesize
      url: "https://pub.dartlang.org"
    source: hosted
    version: "2.0.1"
  firebase_core:
    dependency: transitive
    description:
      name: firebase_core
      url: "https://pub.dartlang.org"
    source: hosted
    version: "1.12.0"
  firebase_core_platform_interface:
    dependency: transitive
    description:
      name: firebase_core_platform_interface
      url: "https://pub.dartlang.org"
    source: hosted
    version: "4.2.4"
  firebase_core_web:
    dependency: transitive
    description:
      name: firebase_core_web
      url: "https://pub.dartlang.org"
    source: hosted
    version: "1.5.4"
  firebase_dynamic_links:
    dependency: transitive
    description:
      name: firebase_dynamic_links
      url: "https://pub.dartlang.org"
    source: hosted
    version: "2.0.10"
  firebase_messaging:
    dependency: transitive
    description:
      name: firebase_messaging
      url: "https://pub.dartlang.org"
    source: hosted
    version: "11.2.6"
  firebase_messaging_platform_interface:
    dependency: transitive
    description:
      name: firebase_messaging_platform_interface
      url: "https://pub.dartlang.org"
    source: hosted
    version: "3.1.6"
  firebase_messaging_web:
    dependency: transitive
    description:
      name: firebase_messaging_web
      url: "https://pub.dartlang.org"
    source: hosted
    version: "2.2.7"
  flutter:
    dependency: "direct main"
    description: flutter
    source: sdk
    version: "0.0.0"
  flutter_appauth:
    dependency: transitive
    description:
      name: flutter_appauth
      url: "https://pub.dartlang.org"
    source: hosted
    version: "1.1.0+2"
  flutter_appauth_platform_interface:
    dependency: transitive
    description:
      name: flutter_appauth_platform_interface
      url: "https://pub.dartlang.org"
    source: hosted
    version: "3.1.0"
  flutter_blurhash:
    dependency: transitive
    description:
      name: flutter_blurhash
      url: "https://pub.dartlang.org"
    source: hosted
    version: "0.6.4"
  flutter_cache_manager:
    dependency: transitive
    description:
      name: flutter_cache_manager
      url: "https://pub.dartlang.org"
    source: hosted
    version: "3.1.2"
  flutter_call_kit:
    dependency: transitive
    description:
      path: "."
      ref: master
      resolved-ref: "589230ebc302e7dce3fa7e38a88244cf4b3c5809"
      url: "https://github.com/raj457036/flutter_call_kit.git"
    source: git
    version: "0.0.3"
  flutter_chips_input:
    dependency: transitive
    description:
      name: flutter_chips_input
      url: "https://pub.dartlang.org"
    source: hosted
    version: "1.10.0"
  flutter_colorpicker:
    dependency: transitive
    description:
      name: flutter_colorpicker
      url: "https://pub.dartlang.org"
    source: hosted
    version: "1.0.3"
  flutter_datetime_picker_bdaya:
    dependency: transitive
    description:
      name: flutter_datetime_picker_bdaya
      url: "https://pub.dartlang.org"
    source: hosted
    version: "2.0.0"
  flutter_form_builder:
    dependency: transitive
    description:
      name: flutter_form_builder
      url: "https://pub.dartlang.org"
    source: hosted
    version: "7.1.0"
  flutter_hooks:
    dependency: transitive
    description:
      name: flutter_hooks
      url: "https://pub.dartlang.org"
    source: hosted
    version: "0.17.0"
  flutter_inapp_purchase:
    dependency: transitive
    description:
      name: flutter_inapp_purchase
      url: "https://pub.dartlang.org"
    source: hosted
    version: "5.0.3"
  flutter_inappwebview:
    dependency: transitive
    description:
      name: flutter_inappwebview
      url: "https://pub.dartlang.org"
    source: hosted
    version: "5.3.2"
  flutter_keyboard_visibility:
    dependency: transitive
    description:
      name: flutter_keyboard_visibility
      url: "https://pub.dartlang.org"
    source: hosted
    version: "5.2.0"
  flutter_keyboard_visibility_platform_interface:
    dependency: transitive
    description:
      name: flutter_keyboard_visibility_platform_interface
      url: "https://pub.dartlang.org"
    source: hosted
    version: "2.0.0"
  flutter_keyboard_visibility_web:
    dependency: transitive
    description:
      name: flutter_keyboard_visibility_web
      url: "https://pub.dartlang.org"
    source: hosted
    version: "2.0.0"
  flutter_local_notifications:
    dependency: transitive
    description:
      name: flutter_local_notifications
      url: "https://pub.dartlang.org"
    source: hosted
    version: "5.0.0+4"
  flutter_local_notifications_platform_interface:
    dependency: transitive
    description:
      name: flutter_local_notifications_platform_interface
      url: "https://pub.dartlang.org"
    source: hosted
    version: "3.0.0"
  flutter_localizations:
    dependency: transitive
    description: flutter
    source: sdk
    version: "0.0.0"
  flutter_pin_code_fields:
    dependency: transitive
    description:
      name: flutter_pin_code_fields
      url: "https://pub.dartlang.org"
    source: hosted
    version: "1.1.0"
  flutter_plugin_android_lifecycle:
    dependency: transitive
    description:
      name: flutter_plugin_android_lifecycle
      url: "https://pub.dartlang.org"
    source: hosted
    version: "2.0.3"
  flutter_rating_bar:
    dependency: transitive
    description:
      name: flutter_rating_bar
      url: "https://pub.dartlang.org"
    source: hosted
    version: "4.0.0"
  flutter_rating_stars:
    dependency: transitive
    description:
      name: flutter_rating_stars
      url: "https://pub.dartlang.org"
    source: hosted
    version: "1.0.3+4"
  flutter_ringtone_player:
    dependency: transitive
    description:
      name: flutter_ringtone_player
      url: "https://pub.dartlang.org"
    source: hosted
    version: "3.1.1"
  flutter_svg:
    dependency: transitive
    description:
      name: flutter_svg
      url: "https://pub.dartlang.org"
    source: hosted
    version: "0.22.0"
  flutter_test:
    dependency: "direct dev"
    description: flutter
    source: sdk
    version: "0.0.0"
  flutter_touch_spin:
    dependency: transitive
    description:
      name: flutter_touch_spin
      url: "https://pub.dartlang.org"
    source: hosted
    version: "2.0.0"
  flutter_typeahead:
    dependency: transitive
    description:
      name: flutter_typeahead
      url: "https://pub.dartlang.org"
    source: hosted
    version: "3.2.4"
  flutter_video_info:
    dependency: "direct main"
    description:
      name: flutter_video_info
      url: "https://pub.dartlang.org"
    source: hosted
    version: "1.2.0"
  flutter_voip_push_notification:
    dependency: transitive
    description:
      path: "."
      ref: master
      resolved-ref: "0e80c664b3fe78c8c1c3761a49c1f7dae8dd321f"
      url: "https://github.com/blackdragon0603/flutter_voip_push_notification.git"
    source: git
    version: "0.0.3"
  flutter_web_plugins:
    dependency: transitive
    description: flutter
    source: sdk
    version: "0.0.0"
  flutter_webrtc:
    dependency: transitive
    description:
      name: flutter_webrtc
      url: "https://pub.dartlang.org"
    source: hosted
    version: "0.7.1"
  flutter_widget_from_html:
    dependency: transitive
    description:
      name: flutter_widget_from_html
      url: "https://pub.dartlang.org"
    source: hosted
    version: "0.8.0"
  flutter_widget_from_html_core:
    dependency: transitive
    description:
      name: flutter_widget_from_html_core
      url: "https://pub.dartlang.org"
    source: hosted
    version: "0.8.5+1"
  fluttertoast:
    dependency: transitive
    description:
      name: fluttertoast
      url: "https://pub.dartlang.org"
    source: hosted
    version: "8.0.8"
  form_builder_extra_fields:
    dependency: transitive
    description:
      name: form_builder_extra_fields
      url: "https://pub.dartlang.org"
    source: hosted
    version: "7.1.0"
  form_builder_validators:
    dependency: "direct main"
    description:
      name: form_builder_validators
      url: "https://pub.dartlang.org"
    source: hosted
    version: "7.4.0"
  fwfh_cached_network_image:
    dependency: transitive
    description:
      name: fwfh_cached_network_image
      url: "https://pub.dartlang.org"
    source: hosted
    version: "0.7.0+2"
  fwfh_chewie:
    dependency: transitive
    description:
      name: fwfh_chewie
      url: "https://pub.dartlang.org"
    source: hosted
    version: "0.7.0+1"
  fwfh_just_audio:
    dependency: transitive
    description:
      name: fwfh_just_audio
      url: "https://pub.dartlang.org"
    source: hosted
    version: "0.6.2+2"
  fwfh_svg:
    dependency: transitive
    description:
      name: fwfh_svg
      url: "https://pub.dartlang.org"
    source: hosted
    version: "0.7.0+1"
  fwfh_text_style:
    dependency: transitive
    description:
      name: fwfh_text_style
      url: "https://pub.dartlang.org"
    source: hosted
    version: "2.5.1"
  fwfh_url_launcher:
    dependency: transitive
    description:
      name: fwfh_url_launcher
      url: "https://pub.dartlang.org"
    source: hosted
    version: "0.6.1+3"
  fwfh_webview:
    dependency: transitive
    description:
      name: fwfh_webview
      url: "https://pub.dartlang.org"
    source: hosted
    version: "0.6.2+2"
  geolocator:
    dependency: transitive
    description:
      name: geolocator
      url: "https://pub.dartlang.org"
    source: hosted
    version: "7.7.0"
  geolocator_android:
    dependency: transitive
    description:
      name: geolocator_android
      url: "https://pub.dartlang.org"
    source: hosted
    version: "2.1.0"
  geolocator_apple:
    dependency: transitive
    description:
      name: geolocator_apple
      url: "https://pub.dartlang.org"
    source: hosted
    version: "1.2.2"
  geolocator_platform_interface:
    dependency: transitive
    description:
      name: geolocator_platform_interface
      url: "https://pub.dartlang.org"
    source: hosted
    version: "2.3.6"
  geolocator_web:
    dependency: transitive
    description:
      name: geolocator_web
      url: "https://pub.dartlang.org"
    source: hosted
    version: "2.0.6"
  get:
    dependency: transitive
    description:
      name: get
      url: "https://pub.dartlang.org"
    source: hosted
    version: "4.3.8"
  get_it:
    dependency: transitive
    description:
      name: get_it
      url: "https://pub.dartlang.org"
    source: hosted
    version: "6.1.1"
  getwidget:
    dependency: transitive
    description:
      name: getwidget
      url: "https://pub.dartlang.org"
    source: hosted
    version: "2.0.5"
  google_api_headers:
    dependency: transitive
    description:
      name: google_api_headers
      url: "https://pub.dartlang.org"
    source: hosted
    version: "1.1.1"
  google_maps_flutter:
    dependency: transitive
    description:
      name: google_maps_flutter
      url: "https://pub.dartlang.org"
    source: hosted
    version: "2.0.9"
  google_maps_flutter_platform_interface:
    dependency: transitive
    description:
      name: google_maps_flutter_platform_interface
      url: "https://pub.dartlang.org"
    source: hosted
    version: "2.1.3"
  google_maps_place_picker:
    dependency: transitive
    description:
      name: google_maps_place_picker
      url: "https://pub.dartlang.org"
    source: hosted
    version: "2.1.0-nullsafety.3"
  google_maps_webservice:
    dependency: transitive
    description:
      name: google_maps_webservice
      url: "https://pub.dartlang.org"
    source: hosted
    version: "0.0.20-nullsafety.5"
  hand_signature:
    dependency: transitive
    description:
      name: hand_signature
      url: "https://pub.dartlang.org"
    source: hosted
    version: "2.1.1"
  html:
    dependency: transitive
    description:
      name: html
      url: "https://pub.dartlang.org"
    source: hosted
    version: "0.15.0"
  http:
    dependency: transitive
    description:
      name: http
      url: "https://pub.dartlang.org"
    source: hosted
    version: "0.13.3"
  http_client_helper:
    dependency: transitive
    description:
      name: http_client_helper
      url: "https://pub.dartlang.org"
    source: hosted
    version: "2.0.2"
  http_parser:
    dependency: transitive
    description:
      name: http_parser
      url: "https://pub.dartlang.org"
    source: hosted
    version: "4.0.0"
  image:
    dependency: transitive
    description:
      name: image
      url: "https://pub.dartlang.org"
    source: hosted
    version: "3.0.8"
  image_crop:
    dependency: "direct main"
    description:
      name: image_crop
      url: "https://pub.dartlang.org"
    source: hosted
    version: "0.4.0"
  image_cropper:
    dependency: transitive
    description:
      name: image_cropper
      url: "https://pub.dartlang.org"
    source: hosted
    version: "1.4.1"
  image_picker:
    dependency: "direct main"
    description:
      name: image_picker
      url: "https://pub.dartlang.org"
    source: hosted
    version: "0.8.4+6"
  image_picker_for_web:
    dependency: transitive
    description:
      name: image_picker_for_web
      url: "https://pub.dartlang.org"
    source: hosted
    version: "2.1.3"
  image_picker_platform_interface:
    dependency: transitive
    description:
      name: image_picker_platform_interface
      url: "https://pub.dartlang.org"
    source: hosted
    version: "2.4.1"
  infinite_listview:
    dependency: transitive
    description:
      name: infinite_listview
      url: "https://pub.dartlang.org"
    source: hosted
    version: "1.1.0"
  intl:
    dependency: transitive
    description:
      name: intl
      url: "https://pub.dartlang.org"
    source: hosted
    version: "0.17.0"
  jiffy:
    dependency: "direct main"
    description:
      name: jiffy
      url: "https://pub.dartlang.org"
    source: hosted
    version: "4.1.0"
  js:
    dependency: transitive
    description:
      name: js
      url: "https://pub.dartlang.org"
    source: hosted
    version: "0.6.3"
  json_annotation:
    dependency: transitive
    description:
      name: json_annotation
      url: "https://pub.dartlang.org"
    source: hosted
    version: "4.0.1"
  just_audio:
    dependency: transitive
    description:
      name: just_audio
      url: "https://pub.dartlang.org"
    source: hosted
    version: "0.9.20"
  just_audio_platform_interface:
    dependency: transitive
    description:
      name: just_audio_platform_interface
      url: "https://pub.dartlang.org"
    source: hosted
    version: "4.1.0"
  just_audio_web:
    dependency: transitive
    description:
      name: just_audio_web
      url: "https://pub.dartlang.org"
    source: hosted
    version: "0.4.7"
  jwt_decoder:
    dependency: transitive
    description:
      name: jwt_decoder
      url: "https://pub.dartlang.org"
    source: hosted
    version: "2.0.1"
  lint:
    dependency: transitive
    description:
      name: lint
      url: "https://pub.dartlang.org"
    source: hosted
    version: "1.5.3"
  matcher:
    dependency: transitive
    description:
      name: matcher
      url: "https://pub.dartlang.org"
    source: hosted
    version: "0.12.10"
  meta:
    dependency: transitive
    description:
      name: meta
      url: "https://pub.dartlang.org"
    source: hosted
    version: "1.7.0"
  mime:
    dependency: transitive
    description:
      name: mime
      url: "https://pub.dartlang.org"
    source: hosted
    version: "1.0.1"
  multiselect:
    dependency: transitive
    description:
      name: multiselect
      url: "https://pub.dartlang.org"
    source: hosted
    version: "0.0.4"
  nested:
    dependency: transitive
    description:
      name: nested
      url: "https://pub.dartlang.org"
    source: hosted
    version: "1.0.0"
  new_version:
    dependency: transitive
    description:
      name: new_version
      url: "https://pub.dartlang.org"
    source: hosted
    version: "0.2.3"
  numberpicker:
    dependency: transitive
    description:
      name: numberpicker
      url: "https://pub.dartlang.org"
    source: hosted
    version: "2.1.1"
  objectid:
    dependency: transitive
    description:
      name: objectid
      url: "https://pub.dartlang.org"
    source: hosted
    version: "2.0.0"
  octo_image:
    dependency: transitive
    description:
      name: octo_image
      url: "https://pub.dartlang.org"
    source: hosted
    version: "1.0.1"
  overlay_tooltip:
    dependency: "direct main"
    description:
      name: overlay_tooltip
      url: "https://pub.dartlang.org"
    source: hosted
    version: "0.1.0"
  package_info_plus:
    dependency: transitive
    description:
      name: package_info_plus
      url: "https://pub.dartlang.org"
    source: hosted
    version: "1.3.0"
  package_info_plus_linux:
    dependency: transitive
    description:
      name: package_info_plus_linux
      url: "https://pub.dartlang.org"
    source: hosted
    version: "1.0.3"
  package_info_plus_macos:
    dependency: transitive
    description:
      name: package_info_plus_macos
      url: "https://pub.dartlang.org"
    source: hosted
    version: "1.3.0"
  package_info_plus_platform_interface:
    dependency: transitive
    description:
      name: package_info_plus_platform_interface
      url: "https://pub.dartlang.org"
    source: hosted
    version: "1.0.2"
  package_info_plus_web:
    dependency: transitive
    description:
      name: package_info_plus_web
      url: "https://pub.dartlang.org"
    source: hosted
    version: "1.0.4"
  package_info_plus_windows:
    dependency: transitive
    description:
      name: package_info_plus_windows
      url: "https://pub.dartlang.org"
    source: hosted
    version: "1.0.4"
  path:
    dependency: transitive
    description:
      name: path
      url: "https://pub.dartlang.org"
    source: hosted
    version: "1.8.0"
  path_drawing:
    dependency: transitive
    description:
      name: path_drawing
      url: "https://pub.dartlang.org"
    source: hosted
    version: "0.5.1+1"
  path_parsing:
    dependency: transitive
    description:
      name: path_parsing
      url: "https://pub.dartlang.org"
    source: hosted
    version: "0.2.1"
  path_provider:
    dependency: "direct main"
    description:
      name: path_provider
      url: "https://pub.dartlang.org"
    source: hosted
    version: "2.0.8"
  path_provider_android:
    dependency: transitive
    description:
      name: path_provider_android
      url: "https://pub.dartlang.org"
    source: hosted
    version: "2.0.11"
  path_provider_ios:
    dependency: transitive
    description:
      name: path_provider_ios
      url: "https://pub.dartlang.org"
    source: hosted
    version: "2.0.7"
  path_provider_linux:
    dependency: transitive
    description:
      name: path_provider_linux
      url: "https://pub.dartlang.org"
    source: hosted
    version: "2.1.0"
  path_provider_macos:
    dependency: transitive
    description:
      name: path_provider_macos
      url: "https://pub.dartlang.org"
    source: hosted
    version: "2.0.2"
  path_provider_platform_interface:
    dependency: transitive
    description:
      name: path_provider_platform_interface
      url: "https://pub.dartlang.org"
    source: hosted
    version: "2.0.1"
  path_provider_windows:
    dependency: transitive
    description:
      name: path_provider_windows
      url: "https://pub.dartlang.org"
    source: hosted
    version: "2.0.3"
  pedantic:
    dependency: transitive
    description:
      name: pedantic
      url: "https://pub.dartlang.org"
    source: hosted
    version: "1.11.1"
  permission_handler:
    dependency: transitive
    description:
      name: permission_handler
      url: "https://pub.dartlang.org"
    source: hosted
    version: "6.1.3"
  permission_handler_platform_interface:
    dependency: transitive
    description:
      name: permission_handler_platform_interface
      url: "https://pub.dartlang.org"
    source: hosted
    version: "3.6.1"
  petitparser:
    dependency: transitive
    description:
      name: petitparser
      url: "https://pub.dartlang.org"
    source: hosted
    version: "4.4.0"
  photo_view:
    dependency: transitive
    description:
      name: photo_view
      url: "https://pub.dartlang.org"
    source: hosted
    version: "0.12.0"
  pinch_zoom:
    dependency: transitive
    description:
      name: pinch_zoom
      url: "https://pub.dartlang.org"
    source: hosted
    version: "0.1.0"
  platform:
    dependency: transitive
    description:
      name: platform
      url: "https://pub.dartlang.org"
    source: hosted
    version: "3.0.2"
  platform_device_id:
    dependency: transitive
    description:
      name: platform_device_id
      url: "https://pub.dartlang.org"
    source: hosted
    version: "1.0.1"
  platform_device_id_linux:
    dependency: transitive
    description:
      name: platform_device_id_linux
      url: "https://pub.dartlang.org"
    source: hosted
    version: "1.0.0"
  platform_device_id_macos:
    dependency: transitive
    description:
      name: platform_device_id_macos
      url: "https://pub.dartlang.org"
    source: hosted
    version: "1.0.0"
  platform_device_id_platform_interface:
    dependency: transitive
    description:
      name: platform_device_id_platform_interface
      url: "https://pub.dartlang.org"
    source: hosted
    version: "1.0.0"
  platform_device_id_web:
    dependency: transitive
    description:
      name: platform_device_id_web
      url: "https://pub.dartlang.org"
    source: hosted
    version: "1.0.0"
  platform_device_id_windows:
    dependency: transitive
    description:
      name: platform_device_id_windows
      url: "https://pub.dartlang.org"
    source: hosted
    version: "1.0.0"
  plugin_platform_interface:
    dependency: transitive
    description:
      name: plugin_platform_interface
      url: "https://pub.dartlang.org"
    source: hosted
    version: "2.1.2"
  process:
    dependency: transitive
    description:
      name: process
      url: "https://pub.dartlang.org"
    source: hosted
    version: "4.2.3"
  progress_indicators:
    dependency: transitive
    description:
      name: progress_indicators
      url: "https://pub.dartlang.org"
    source: hosted
    version: "1.0.0"
  provider:
    dependency: transitive
    description:
      name: provider
      url: "https://pub.dartlang.org"
    source: hosted
    version: "5.0.0"
  proximity_sensor:
    dependency: transitive
    description:
      name: proximity_sensor
      url: "https://pub.dartlang.org"
    source: hosted
    version: "1.0.2"
  quiver:
    dependency: transitive
    description:
      name: quiver
      url: "https://pub.dartlang.org"
    source: hosted
    version: "3.0.1+1"
  razorpay_flutter:
    dependency: transitive
    description:
      name: razorpay_flutter
      url: "https://pub.dartlang.org"
    source: hosted
    version: "1.3.0"
  rxdart:
    dependency: transitive
    description:
      name: rxdart
      url: "https://pub.dartlang.org"
    source: hosted
    version: "0.27.2"
  screen:
    dependency: transitive
    description:
      path: "."
      ref: master
      resolved-ref: e4eb9e5d7613ca994dcab4eb8ac8715d3c86ffd6
      url: "https://github.com/daniloapr/flutter_screen.git"
    source: git
    version: "0.0.7"
  share:
    dependency: transitive
    description:
      name: share
      url: "https://pub.dartlang.org"
    source: hosted
    version: "2.0.4"
  shared_preferences:
    dependency: transitive
    description:
      name: shared_preferences
      url: "https://pub.dartlang.org"
    source: hosted
    version: "2.0.7"
  shared_preferences_linux:
    dependency: transitive
    description:
      name: shared_preferences_linux
      url: "https://pub.dartlang.org"
    source: hosted
    version: "2.0.2"
  shared_preferences_macos:
    dependency: transitive
    description:
      name: shared_preferences_macos
      url: "https://pub.dartlang.org"
    source: hosted
    version: "2.0.2"
  shared_preferences_platform_interface:
    dependency: transitive
    description:
      name: shared_preferences_platform_interface
      url: "https://pub.dartlang.org"
    source: hosted
    version: "2.0.0"
  shared_preferences_web:
    dependency: transitive
    description:
      name: shared_preferences_web
      url: "https://pub.dartlang.org"
    source: hosted
    version: "2.0.2"
  shared_preferences_windows:
    dependency: transitive
    description:
      name: shared_preferences_windows
      url: "https://pub.dartlang.org"
    source: hosted
    version: "2.0.2"
  showcaseview:
    dependency: transitive
    description:
      name: showcaseview
      url: "https://pub.dartlang.org"
    source: hosted
    version: "0.1.6"
  signature:
    dependency: transitive
    description:
      name: signature
      url: "https://pub.dartlang.org"
    source: hosted
    version: "5.0.0"
  simple_gesture_detector:
    dependency: transitive
    description:
      name: simple_gesture_detector
      url: "https://pub.dartlang.org"
    source: hosted
    version: "0.2.0"
  sky_engine:
    dependency: transitive
    description: flutter
    source: sdk
    version: "0.0.99"
  source_span:
    dependency: transitive
    description:
      name: source_span
      url: "https://pub.dartlang.org"
    source: hosted
    version: "1.8.1"
  sqflite:
    dependency: transitive
    description:
      name: sqflite
      url: "https://pub.dartlang.org"
    source: hosted
    version: "2.0.0+4"
  sqflite_common:
    dependency: transitive
    description:
      name: sqflite_common
      url: "https://pub.dartlang.org"
    source: hosted
    version: "2.0.1+1"
  stack_trace:
    dependency: transitive
    description:
      name: stack_trace
      url: "https://pub.dartlang.org"
    source: hosted
    version: "1.10.0"
  stacked:
    dependency: transitive
    description:
      name: stacked
      url: "https://pub.dartlang.org"
    source: hosted
    version: "2.1.6"
  stacked_services:
    dependency: transitive
    description:
      name: stacked_services
      url: "https://pub.dartlang.org"
    source: hosted
    version: "0.8.15"
  states_rebuilder:
    dependency: transitive
    description:
      name: states_rebuilder
      url: "https://pub.dartlang.org"
    source: hosted
    version: "4.4.0"
  stream_channel:
    dependency: transitive
    description:
      name: stream_channel
      url: "https://pub.dartlang.org"
    source: hosted
    version: "2.1.0"
  stream_transform:
    dependency: transitive
    description:
      name: stream_transform
      url: "https://pub.dartlang.org"
    source: hosted
    version: "2.0.0"
  string_scanner:
    dependency: transitive
    description:
      name: string_scanner
      url: "https://pub.dartlang.org"
    source: hosted
    version: "1.1.0"
  styled_widget:
    dependency: transitive
    description:
      name: styled_widget
      url: "https://pub.dartlang.org"
    source: hosted
    version: "0.3.1+2"
  swarapp:
    dependency: "direct main"
    description:
      path: "../.."
      relative: true
    source: path
    version: "1.0.8+21"
  syncfusion_flutter_core:
    dependency: transitive
    description:
      name: syncfusion_flutter_core
      url: "https://pub.dartlang.org"
    source: hosted
    version: "19.4.56"
  syncfusion_flutter_datagrid:
    dependency: transitive
    description:
      name: syncfusion_flutter_datagrid
      url: "https://pub.dartlang.org"
    source: hosted
    version: "19.3.45"
  syncfusion_flutter_datepicker:
    dependency: transitive
    description:
      name: syncfusion_flutter_datepicker
      url: "https://pub.dartlang.org"
    source: hosted
    version: "19.4.56"
  syncfusion_flutter_pdf:
    dependency: transitive
    description:
      name: syncfusion_flutter_pdf
      url: "https://pub.dartlang.org"
    source: hosted
    version: "19.3.45-beta"
  syncfusion_flutter_pdfviewer:
    dependency: transitive
    description:
      name: syncfusion_flutter_pdfviewer
      url: "https://pub.dartlang.org"
    source: hosted
    version: "19.3.45-beta"
  syncfusion_flutter_pdfviewer_macos:
    dependency: transitive
    description:
      name: syncfusion_flutter_pdfviewer_macos
      url: "https://pub.dartlang.org"
    source: hosted
    version: "19.3.45-beta"
  syncfusion_flutter_pdfviewer_platform_interface:
    dependency: transitive
    description:
      name: syncfusion_flutter_pdfviewer_platform_interface
      url: "https://pub.dartlang.org"
    source: hosted
    version: "19.3.45-beta"
  syncfusion_flutter_pdfviewer_web:
    dependency: transitive
    description:
      name: syncfusion_flutter_pdfviewer_web
      url: "https://pub.dartlang.org"
    source: hosted
    version: "19.3.45-beta"
  syncfusion_flutter_sliders:
    dependency: transitive
    description:
      name: syncfusion_flutter_sliders
      url: "https://pub.dartlang.org"
    source: hosted
    version: "19.4.56"
  synchronized:
    dependency: transitive
    description:
      name: synchronized
      url: "https://pub.dartlang.org"
    source: hosted
    version: "3.0.0"
  table_calendar:
    dependency: transitive
    description:
      name: table_calendar
      url: "https://pub.dartlang.org"
    source: hosted
    version: "3.0.3"
  term_glyph:
    dependency: transitive
    description:
      name: term_glyph
      url: "https://pub.dartlang.org"
    source: hosted
    version: "1.2.0"
  test_api:
    dependency: transitive
    description:
      name: test_api
      url: "https://pub.dartlang.org"
    source: hosted
    version: "0.4.2"
  timezone:
    dependency: transitive
    description:
      name: timezone
      url: "https://pub.dartlang.org"
    source: hosted
    version: "0.7.0"
  tuple:
    dependency: transitive
    description:
      name: tuple
      url: "https://pub.dartlang.org"
    source: hosted
    version: "2.0.0"
  typed_data:
    dependency: transitive
    description:
      name: typed_data
      url: "https://pub.dartlang.org"
    source: hosted
    version: "1.3.0"
  universal_io:
    dependency: transitive
    description:
      name: universal_io
      url: "https://pub.dartlang.org"
    source: hosted
    version: "2.0.4"
  unorm_dart:
    dependency: transitive
    description:
      name: unorm_dart
      url: "https://pub.dartlang.org"
    source: hosted
    version: "0.2.0"
  url_launcher:
    dependency: transitive
    description:
      name: url_launcher
      url: "https://pub.dartlang.org"
    source: hosted
    version: "6.0.10"
  url_launcher_linux:
    dependency: transitive
    description:
      name: url_launcher_linux
      url: "https://pub.dartlang.org"
    source: hosted
    version: "2.0.2"
  url_launcher_macos:
    dependency: transitive
    description:
      name: url_launcher_macos
      url: "https://pub.dartlang.org"
    source: hosted
    version: "2.0.2"
  url_launcher_platform_interface:
    dependency: transitive
    description:
      name: url_launcher_platform_interface
      url: "https://pub.dartlang.org"
    source: hosted
    version: "2.0.4"
  url_launcher_web:
    dependency: transitive
    description:
      name: url_launcher_web
      url: "https://pub.dartlang.org"
    source: hosted
    version: "2.0.4"
  url_launcher_windows:
    dependency: transitive
    description:
      name: url_launcher_windows
      url: "https://pub.dartlang.org"
    source: hosted
    version: "2.0.2"
  user_module:
    dependency: transitive
    description:
      path: "../user_module"
      relative: true
    source: path
    version: "0.0.1"
  uuid:
    dependency: transitive
    description:
      name: uuid
      url: "https://pub.dartlang.org"
    source: hosted
    version: "3.0.5"
  vector_math:
    dependency: transitive
    description:
      name: vector_math
      url: "https://pub.dartlang.org"
    source: hosted
    version: "2.1.0"
  video_compress:
    dependency: "direct main"
    description:
      name: video_compress
      url: "https://pub.dartlang.org"
    source: hosted
    version: "3.1.0"
  video_player:
    dependency: "direct main"
    description:
      name: video_player
      url: "https://pub.dartlang.org"
    source: hosted
    version: "2.2.11"
  video_player_platform_interface:
    dependency: transitive
    description:
      name: video_player_platform_interface
      url: "https://pub.dartlang.org"
    source: hosted
    version: "5.0.0"
  video_player_web:
    dependency: transitive
    description:
      name: video_player_web
      url: "https://pub.dartlang.org"
    source: hosted
    version: "2.0.6"
  video_thumbnail:
    dependency: "direct main"
    description:
      name: video_thumbnail
      url: "https://pub.dartlang.org"
    source: hosted
    version: "0.4.3"
  wakelock:
    dependency: transitive
    description:
      name: wakelock
      url: "https://pub.dartlang.org"
    source: hosted
    version: "0.5.6"
  wakelock_macos:
    dependency: transitive
    description:
      name: wakelock_macos
      url: "https://pub.dartlang.org"
    source: hosted
    version: "0.4.0"
  wakelock_platform_interface:
    dependency: transitive
    description:
      name: wakelock_platform_interface
      url: "https://pub.dartlang.org"
    source: hosted
    version: "0.3.0"
  wakelock_web:
    dependency: transitive
    description:
      name: wakelock_web
      url: "https://pub.dartlang.org"
    source: hosted
    version: "0.4.0"
  wakelock_windows:
    dependency: transitive
    description:
      name: wakelock_windows
      url: "https://pub.dartlang.org"
    source: hosted
    version: "0.2.0"
  web_socket_channel:
    dependency: transitive
    description:
      name: web_socket_channel
      url: "https://pub.dartlang.org"
    source: hosted
    version: "2.1.0"
  webview_flutter:
    dependency: transitive
    description:
      name: webview_flutter
      url: "https://pub.dartlang.org"
    source: hosted
    version: "3.0.2"
  webview_flutter_android:
    dependency: transitive
    description:
      name: webview_flutter_android
      url: "https://pub.dartlang.org"
    source: hosted
    version: "2.8.5"
  webview_flutter_platform_interface:
    dependency: transitive
    description:
      name: webview_flutter_platform_interface
      url: "https://pub.dartlang.org"
    source: hosted
    version: "1.8.1"
  webview_flutter_wkwebview:
    dependency: transitive
    description:
      name: webview_flutter_wkwebview
      url: "https://pub.dartlang.org"
    source: hosted
    version: "2.7.2"
  win32:
    dependency: transitive
    description:
      name: win32
      url: "https://pub.dartlang.org"
    source: hosted
    version: "2.0.5"
  workmanager:
    dependency: transitive
    description:
      name: workmanager
      url: "https://pub.dartlang.org"
    source: hosted
    version: "0.4.1"
  xdg_directories:
    dependency: transitive
    description:
      name: xdg_directories
      url: "https://pub.dartlang.org"
    source: hosted
    version: "0.2.0"
  xml:
    dependency: transitive
    description:
      name: xml
      url: "https://pub.dartlang.org"
    source: hosted
    version: "5.3.1"
  xmpp_stone:
    dependency: transitive
    description:
      name: xmpp_stone
      url: "https://pub.dartlang.org"
    source: hosted
    version: "0.4.2-dev.1"
sdks:
  dart: ">=2.14.0 <3.0.0"
  flutter: ">=2.5.0"
